<?xml version="1.0" encoding="utf-8"?>
<Project ToolsVersion="4.0" xmlns="http://schemas.microsoft.com/developer/msbuild/2003">
  <ItemGroup>
    <Filter Include="Source Files">
      <UniqueIdentifier>{4FC737F1-C7A5-4376-A066-2A32D752A2FF}</UniqueIdentifier>
      <Extensions>cpp;c;cc;cxx;c++;cppm;ixx;def;odl;idl;hpj;bat;asm;asmx</Extensions>
    </Filter>
    <Filter Include="Header Files">
      <UniqueIdentifier>{93995380-89BD-4b04-88EB-625FBE52EBFB}</UniqueIdentifier>
      <Extensions>h;hh;hpp;hxx;h++;hm;inl;inc;ipp;xsd</Extensions>
    </Filter>
    <Filter Include="Resource Files">
      <UniqueIdentifier>{67DA6AB6-F800-4c08-8B7A-83BB121AAD01}</UniqueIdentifier>
      <Extensions>rc;ico;cur;bmp;dlg;rc2;rct;bin;rgs;gif;jpg;jpeg;jpe;resx;tiff;tif;png;wav;mfcribbon-ms</Extensions>
    </Filter>
    <Filter Include="Header Files\ps3eye">
      <UniqueIdentifier>{c1511b49-a2c6-41dc-af57-dbae471e1aad}</UniqueIdentifier>
    </Filter>
    <Filter Include="Source Files\ps3eye">
      <UniqueIdentifier>{a8dc1c90-10d3-4a7b-b36b-924164cdb03a}</UniqueIdentifier>
    </Filter>
    <Filter Include="Header Files\vr_lib">
      <UniqueIdentifier>{2d0631ca-58d7-4746-9cb6-4c1ba12e1510}</UniqueIdentifier>
    </Filter>
    <Filter Include="Source Files\vr_lib">
      <UniqueIdentifier>{9ab23396-2996-4e32-946b-934fa7afbca5}</UniqueIdentifier>
    </Filter>
  </ItemGroup>
  <ItemGroup>
    <ClCompile Include="ps3eye\ps3eye.cpp">
      <Filter>Source Files\ps3eye</Filter>
    </ClCompile>
    <ClCompile Include="ps3eye\ps3eye_capi.cpp">
      <Filter>Source Files\ps3eye</Filter>
    </ClCompile>
    <ClCompile Include="src\clock.cpp">
      <Filter>Source Files</Filter>
    </ClCompile>
    <ClCompile Include="src\main.cpp">
      <Filter>Source Files</Filter>
    </ClCompile>
    <ClCompile Include="src\vr_lib\vr_calibration.cpp">
      <Filter>Source Files\vr_lib</Filter>
    </ClCompile>
    <ClCompile Include="src\vr_lib\vr_cameras.cpp">
      <Filter>Source Files\vr_lib</Filter>
    </ClCompile>
    <ClCompile Include="src\vr_lib\vr_config.cpp">
      <Filter>Source Files\vr_lib</Filter>
    </ClCompile>
    <ClCompile Include="src\vr_lib\vr_controllers.cpp">
      <Filter>Source Files\vr_lib</Filter>
    </ClCompile>
    <ClCompile Include="src\vr_lib\vr_filter.cpp">
      <Filter>Source Files\vr_lib</Filter>
    </ClCompile>
    <ClCompile Include="src\vr_lib\vr_tracking.cpp">
      <Filter>Source Files\vr_lib</Filter>
    </ClCompile>
    <ClCompile Include="src\connection.cpp">
      <Filter>Source Files</Filter>
    </ClCompile>
    <ClCompile Include="src\optical.cpp">
      <Filter>Source Files</Filter>
    </ClCompile>
  </ItemGroup>
  <ItemGroup>
    <ClInclude Include="ps3eye\ps3eye_capi.h">
      <Filter>Header Files\ps3eye</Filter>
    </ClInclude>
    <ClInclude Include="ps3eye\ps3eye.h">
      <Filter>Header Files\ps3eye</Filter>
    </ClInclude>
    <ClInclude Include="src\clock.h">
      <Filter>Header Files</Filter>
    </ClInclude>
    <ClInclude Include="src\vr_lib\vr_calibration.h">
      <Filter>Header Files\vr_lib</Filter>
    </ClInclude>
    <ClInclude Include="src\vr_lib\vr_cameras.h">
      <Filter>Header Files\vr_lib</Filter>
    </ClInclude>
    <ClInclude Include="src\vr_lib\vr_config.h">
      <Filter>Header Files\vr_lib</Filter>
    </ClInclude>
    <ClInclude Include="src\vr_lib\vr_controllers.h">
      <Filter>Header Files\vr_lib</Filter>
    </ClInclude>
    <ClInclude Include="src\vr_lib\vr_filter.h">
      <Filter>Header Files\vr_lib</Filter>
    </ClInclude>
    <ClInclude Include="src\vr_lib\vr_tracking.h">
      <Filter>Header Files\vr_lib</Filter>
    </ClInclude>
    <ClInclude Include="src\connection.h">
      <Filter>Header Files</Filter>
    </ClInclude>
    <ClInclude Include="src\optical.h">
      <Filter>Header Files</Filter>
    </ClInclude>
  </ItemGroup>
</Project>